lockfileVersion: '9.0'

settings:
  autoInstallPeers: true
  excludeLinksFromLockfile: false

importers:

  .:
    devDependencies:
      '@biomejs/biome':
        specifier: 2.3.9
        version: 2.3.9
      node:
        specifier: runtime:^24.11.1
        version: runtime:24.12.0

packages:

  '@biomejs/biome@2.3.9':
    resolution: {integrity: sha512-js+34KpnY65I00k8P71RH0Uh2rJk4BrpxMGM5m2nBfM9XTlKE5N1URn5ydILPRyXXq4ebhKCjsvR+txS+D4z2A==}
    engines: {node: '>=14.21.3'}
    hasBin: true

  '@biomejs/cli-darwin-arm64@2.3.9':
    resolution: {integrity: sha512-hHbYYnna/WBwem5iCpssQQLtm5ey8ADuDT8N2zqosk6LVWimlEuUnPy6Mbzgu4GWVriyL5ijWd+1zphX6ll4/A==}
    engines: {node: '>=14.21.3'}
    cpu: [arm64]
    os: [darwin]

  '@biomejs/cli-darwin-x64@2.3.9':
    resolution: {integrity: sha512-sKMW5fpvGDmPdqCchtVH5MVlbVeSU3ad4CuKS45x8VHt3tNSC8CZ2QbxffAOKYK9v/mAeUiPC6Cx6+wtyU1q7g==}
    engines: {node: '>=14.21.3'}
    cpu: [x64]
    os: [darwin]

  '@biomejs/cli-linux-arm64-musl@2.3.9':
    resolution: {integrity: sha512-JOHyG2nl8XDpncbMazm1uBSi1dPX9VbQDOjKcfSVXTqajD0PsgodMOKyuZ/PkBu5Lw877sWMTGKfEfpM7jE7Cw==}
    engines: {node: '>=14.21.3'}
    cpu: [arm64]
    os: [linux]
    libc: [musl]

  '@biomejs/cli-linux-arm64@2.3.9':
    resolution: {integrity: sha512-BXBB6HbAgZI6T6QB8q6NSwIapVngqArP6K78BqkMerht7YjL6yWctqfeTnJm0qGF2bKBYFexslrbV+VTlM2E6g==}
    engines: {node: '>=14.21.3'}
    cpu: [arm64]
    os: [linux]
    libc: [glibc]

  '@biomejs/cli-linux-x64-musl@2.3.9':
    resolution: {integrity: sha512-FUkb/5beCIC2trpqAbW9e095X4vamdlju80c1ExSmhfdrojLZnWkah/XfTSixKb/dQzbAjpD7vvs6rWkJ+P07Q==}
    engines: {node: '>=14.21.3'}
    cpu: [x64]
    os: [linux]
    libc: [musl]

  '@biomejs/cli-linux-x64@2.3.9':
    resolution: {integrity: sha512-PjYuv2WLmvf0WtidxAkFjlElsn0P6qcvfPijrqu1j+3GoW3XSQh3ywGu7gZ25J25zrYj3KEovUjvUZB55ATrGw==}
    engines: {node: '>=14.21.3'}
    cpu: [x64]
    os: [linux]
    libc: [glibc]

  '@biomejs/cli-win32-arm64@2.3.9':
    resolution: {integrity: sha512-w48Yh/XbYHO2cBw8B5laK3vCAEKuocX5ItGXVDAqFE7Ze2wnR00/1vkY6GXglfRDOjWHu2XtxI0WKQ52x1qxEA==}
    engines: {node: '>=14.21.3'}
    cpu: [arm64]
    os: [win32]

  '@biomejs/cli-win32-x64@2.3.9':
    resolution: {integrity: sha512-90+J63VT7qImy9s3pkWL0ZX27VzVwMNCRzpLpe5yMzMYPbO1vcjL/w/Q5f/juAGMvP7a2Fd0H7IhAR6F7/i78A==}
    engines: {node: '>=14.21.3'}
    cpu: [x64]
    os: [win32]

  node@runtime:24.12.0:
    resolution:
      type: variations
      variants:
        - resolution:
            archive: tarball
            bin: bin/node
            integrity: sha256-MfPQZbuE8GnlIuVdDTA1vTZMul2KIiM/9oAF0oHou3g=
            type: binary
            url: https://nodejs.org/download/release/v24.12.0/node-v24.12.0-aix-ppc64.tar.gz
          targets:
            - cpu: ppc64
              os: aix
        - resolution:
            archive: tarball
            bin: bin/node
            integrity: sha256-MZ8iGtxeRP8O1X6KRBsihPArjcb8h7jrkqapNkP9gIA=
            type: binary
            url: https://nodejs.org/download/release/v24.12.0/node-v24.12.0-darwin-arm64.tar.gz
          targets:
            - cpu: arm64
              os: darwin
        - resolution:
            archive: tarball
            bin: bin/node
            integrity: sha256-uC6kxi/QjiUMq1nWJeddd8xbCj1gxmmOvuRUXIihacU=
            type: binary
            url: https://nodejs.org/download/release/v24.12.0/node-v24.12.0-darwin-x64.tar.gz
          targets:
            - cpu: x64
              os: darwin
        - resolution:
            archive: tarball
            bin: bin/node
            integrity: sha256-myou65io6zc2EiTiodBgMArS3RQ69Y39sW3nhd8PEig=
            type: binary
            url: https://nodejs.org/download/release/v24.12.0/node-v24.12.0-linux-arm64.tar.gz
          targets:
            - cpu: arm64
              os: linux
        - resolution:
            archive: tarball
            bin: bin/node
            integrity: sha256-Zux5tNZPQQmu34IhCHFdC2CXEY35FZwvYyFHfaTqF6o=
            type: binary
            url: https://nodejs.org/download/release/v24.12.0/node-v24.12.0-linux-ppc64le.tar.gz
          targets:
            - cpu: ppc64le
              os: linux
        - resolution:
            archive: tarball
            bin: bin/node
            integrity: sha256-jclgolVdsap3/RMcJb5XG594RLyLJ454cyufWA/n1YA=
            type: binary
            url: https://nodejs.org/download/release/v24.12.0/node-v24.12.0-linux-s390x.tar.gz
          targets:
            - cpu: s390x
              os: linux
        - resolution:
            archive: tarball
            bin: bin/node
            integrity: sha256-YVkifgr318PGuy+pAEUrBKbLiEGnAqeazGEyCdcLBNA=
            type: binary
            url: https://nodejs.org/download/release/v24.12.0/node-v24.12.0-linux-x64.tar.gz
          targets:
            - cpu: x64
              os: linux
        - resolution:
            archive: zip
            bin: node.exe
            integrity: sha256-sF5+Bm+BPTWtPNnCTu2u4HTAEqx+AAcSl2CP3S6UiuM=
            prefix: node-v24.12.0-win-arm64
            type: binary
            url: https://nodejs.org/download/release/v24.12.0/node-v24.12.0-win-arm64.zip
          targets:
            - cpu: arm64
              os: win32
        - resolution:
            archive: zip
            bin: node.exe
            integrity: sha256-nBJfYa6Ue1LneQlYMPnKwmeEagQ+9xkhg8hAFqqtKBI=
            prefix: node-v24.12.0-win-x64
            type: binary
            url: https://nodejs.org/download/release/v24.12.0/node-v24.12.0-win-x64.zip
          targets:
            - cpu: x64
              os: win32
    version: 24.12.0
    hasBin: true

snapshots:

  '@biomejs/biome@2.3.9':
    optionalDependencies:
      '@biomejs/cli-darwin-arm64': 2.3.9
      '@biomejs/cli-darwin-x64': 2.3.9
      '@biomejs/cli-linux-arm64': 2.3.9
      '@biomejs/cli-linux-arm64-musl': 2.3.9
      '@biomejs/cli-linux-x64': 2.3.9
      '@biomejs/cli-linux-x64-musl': 2.3.9
      '@biomejs/cli-win32-arm64': 2.3.9
      '@biomejs/cli-win32-x64': 2.3.9

  '@biomejs/cli-darwin-arm64@2.3.9':
    optional: true

  '@biomejs/cli-darwin-x64@2.3.9':
    optional: true

  '@biomejs/cli-linux-arm64-musl@2.3.9':
    optional: true

  '@biomejs/cli-linux-arm64@2.3.9':
    optional: true

  '@biomejs/cli-linux-x64-musl@2.3.9':
    optional: true

  '@biomejs/cli-linux-x64@2.3.9':
    optional: true

  '@biomejs/cli-win32-arm64@2.3.9':
    optional: true

  '@biomejs/cli-win32-x64@2.3.9':
    optional: true

  node@runtime:24.12.0: {}
