version = 1
revision = 2
requires-python = ">=3.13.3"

[[package]]
name = "libcst"
version = "1.8.0"
source = { registry = "https://pypi.org/simple" }
dependencies = [
    { name = "pyyaml-ft" },
]
sdist = { url = "https://files.pythonhosted.org/packages/1a/7f/33559a16f5e98e8643a463ed5b4d09ecb0589da8ac61b1fcb761809ab037/libcst-1.8.0.tar.gz", hash = "sha256:21cd41dd9bc7ee16f81a6ecf9dc6c044cdaf6af670b85b4754204a5a0c9890d8", size = 778687, upload-time = "2025-05-27T14:23:52.354Z" }
wheels = [
    { url = "https://files.pythonhosted.org/packages/e1/28/8a488241fa40306b081b20ca4783000dea3f91a1c4e2b4e4d707ab9839e1/libcst-1.8.0-cp313-cp313-macosx_10_13_x86_64.whl", hash = "sha256:4e01ed9d0fcc20093fb39ee4252e70d6a993d26871319a8edad4183c8feb55eb", size = 2183878, upload-time = "2025-05-27T14:22:46.203Z" },
    { url = "https://files.pythonhosted.org/packages/bd/ef/4c1033df67546f7e6a380fb91d6ab8dfa93fa33ff1ce5c09dd587bbea461/libcst-1.8.0-cp313-cp313-macosx_11_0_arm64.whl", hash = "sha256:f227625f7be41bd08063d758da33dde338e1460bc790e26b0f2d1475b5f78908", size = 2068087, upload-time = "2025-05-27T14:22:47.695Z" },
    { url = "https://files.pythonhosted.org/packages/97/c7/9e3992956a1bc7ba42a5b8a6b3588f1ae72b9bade74d2ea232644646e77e/libcst-1.8.0-cp313-cp313-manylinux_2_28_aarch64.whl", hash = "sha256:d855ecbea9ae3efbf7e9a851918120196c7195471d06150773b9b789d95e8aa6", size = 2218294, upload-time = "2025-05-27T14:22:49.59Z" },
    { url = "https://files.pythonhosted.org/packages/56/b7/ab142dbb5de5d6023527e11997f9c1583351230b96928b3b5cbf7c912655/libcst-1.8.0-cp313-cp313-manylinux_2_28_armv7l.manylinux_2_31_armv7l.whl", hash = "sha256:4555f3a357d6f1f99fa09328eed74c0bd4e9fc3a77456acc8a19f1ed087dd69c", size = 2190312, upload-time = "2025-05-27T14:22:51.111Z" },
    { url = "https://files.pythonhosted.org/packages/1a/5b/efbe2312619a3c240d2515c740aad05a08f8e13f386107d664808e9c0a17/libcst-1.8.0-cp313-cp313-manylinux_2_28_x86_64.whl", hash = "sha256:ddd4477c13b0014793cdb0d0c686c33ffe1d2c704923c65f4d9f575ce4262a4c", size = 2309025, upload-time = "2025-05-27T14:22:52.929Z" },
    { url = "https://files.pythonhosted.org/packages/9a/97/25391720d0e4f38637cd98b1722c0f673f795680d4975a84bf0154fe4b1a/libcst-1.8.0-cp313-cp313-manylinux_2_5_i686.manylinux1_i686.manylinux_2_17_i686.manylinux2014_i686.whl", hash = "sha256:6e512c00274110df3ce724a637e5f41e5fe90341db8cc9ea03cce35df7933010", size = 2400661, upload-time = "2025-05-27T14:22:54.545Z" },
    { url = "https://files.pythonhosted.org/packages/64/a5/efd688fe117b9c997338c542ed6c1ffab433351eb42c0179e43c1f60956c/libcst-1.8.0-cp313-cp313-musllinux_1_2_aarch64.whl", hash = "sha256:05d05612b95d064a08b3ecb8e67c4f8d289f1c12a7e3beb8d7b18f007a7c76eb", size = 2279371, upload-time = "2025-05-27T14:22:56.367Z" },
    { url = "https://files.pythonhosted.org/packages/08/13/0b2572183d5488fe7f892a2db60e9504ebc80af39e22a2ca58f830cc93c0/libcst-1.8.0-cp313-cp313-musllinux_1_2_x86_64.whl", hash = "sha256:bd8328ae3a86fc7001019815dcf84425565e21dd09ecc70bd94f10d287d17034", size = 2386388, upload-time = "2025-05-27T14:22:58.534Z" },
    { url = "https://files.pythonhosted.org/packages/44/ec/8dabe56809cbf60afc3ee832391388c9baf1fcf14f4e4094d4337d12e196/libcst-1.8.0-cp313-cp313-win_amd64.whl", hash = "sha256:7f9b545d607b581f2b3d307f8d5e9524c9e6364535ff4460faefd56395484420", size = 2095604, upload-time = "2025-05-27T14:23:01.075Z" },
    { url = "https://files.pythonhosted.org/packages/11/b5/d5fb9ddf46ceafe6decffb29c9d1bd8f6b8bd4f9b09e263db7e8b113d76a/libcst-1.8.0-cp313-cp313-win_arm64.whl", hash = "sha256:e0654aab4eb61ee04d72cff9da68e5e7f2fa8c870efbc0d48754970572c0facf", size = 1982489, upload-time = "2025-05-27T14:23:02.77Z" },
    { url = "https://files.pythonhosted.org/packages/30/1e/27420a92a564ea198eb16a0fa7130ee688b456f8fed3a2240eac304537c7/libcst-1.8.0-cp313-cp313t-macosx_10_13_x86_64.whl", hash = "sha256:e2fa6fbd7d755e59c58745d997f9805bc11c18e0d6042f6f35498fd5ba90a038", size = 2173926, upload-time = "2025-05-27T14:23:04.88Z" },
    { url = "https://files.pythonhosted.org/packages/b4/b9/792b80b1a85b97976af1863e4e252624af493acaf8da95fe492d6c5e1d6f/libcst-1.8.0-cp313-cp313t-macosx_11_0_arm64.whl", hash = "sha256:9ecd71d54648dee629171272cb264c42eaf5321566747bc264984208abc528a6", size = 2059803, upload-time = "2025-05-27T14:23:07.645Z" },
    { url = "https://files.pythonhosted.org/packages/fb/b6/9c82b49916fa816bdcbf5b3e63f9f65ed318e2ea2cf76f9f05bf563b0017/libcst-1.8.0-cp313-cp313t-manylinux_2_28_aarch64.whl", hash = "sha256:f0cbde11baa9fb91799432066d0444a90439479e960da3078f841e1ac0c51dfe", size = 2206555, upload-time = "2025-05-27T14:23:09.469Z" },
    { url = "https://files.pythonhosted.org/packages/b7/31/39c110eb66d5fd7cc4891cf55192a358a6be8b8f6ac0e2eb709850104456/libcst-1.8.0-cp313-cp313t-manylinux_2_28_armv7l.manylinux_2_31_armv7l.whl", hash = "sha256:edfc5636e015b5ef8f8ed8b9628d15eaaf415d906cd4cc6a5fa63cbfdd38a23c", size = 2177856, upload-time = "2025-05-27T14:23:20.91Z" },
    { url = "https://files.pythonhosted.org/packages/7e/66/560cf088ae5b93aea3e35aa3fb3fb2fbc2d5bf4ef0097220027f31488f95/libcst-1.8.0-cp313-cp313t-manylinux_2_28_x86_64.whl", hash = "sha256:10e494659e510b5428d2102151149636ad7a6b691bbb57ec7cd7e256938746a9", size = 2299368, upload-time = "2025-05-27T14:23:22.44Z" },
    { url = "https://files.pythonhosted.org/packages/e3/4d/7af5aac7ba3ec04faa40c4fcb2eba16f6259123376fac4eb131ab1af880f/libcst-1.8.0-cp313-cp313t-manylinux_2_5_i686.manylinux1_i686.manylinux_2_17_i686.manylinux2014_i686.whl", hash = "sha256:5ae851e0987cc355b8f1dcc9915b4cf8e408dcb6fbb589d47d3db098e67497cd", size = 2376624, upload-time = "2025-05-27T14:23:24.501Z" },
    { url = "https://files.pythonhosted.org/packages/dc/0e/cac4685b0802c2dbd7f88bf100a4b3db92fbdf5bd3f22bc7a7b58139369a/libcst-1.8.0-cp313-cp313t-musllinux_1_2_aarch64.whl", hash = "sha256:459d8c9ceb2b97058f0ec0775050ec2024ee1a178b421510e7fc12e628b5d2d3", size = 2268894, upload-time = "2025-05-27T14:23:26.577Z" },
    { url = "https://files.pythonhosted.org/packages/c0/b2/6efd6b0d9e88768c7c29ac08d91091a36801d29bbd9deecb16f6e6be7971/libcst-1.8.0-cp313-cp313t-musllinux_1_2_x86_64.whl", hash = "sha256:6913649f1129a7d9a53d22ca602bf1f3c3f4d7cb7d99441dafd0f1bc98601b97", size = 2378827, upload-time = "2025-05-27T14:23:28.767Z" },
    { url = "https://files.pythonhosted.org/packages/99/f8/7d61985de5cb8e65a80c740ee2fa30cd582a91fc2bb860a732e5dccc1276/libcst-1.8.0-cp313-cp313t-win_amd64.whl", hash = "sha256:5c36850b3df46eedbd9593db28074ae443888d4f22cb71224276b405a7c99d3a", size = 2084719, upload-time = "2025-05-27T14:23:30.664Z" },
    { url = "https://files.pythonhosted.org/packages/81/d8/fb61859af9a838ffa611ea34a855c7133a3018faf877f4d4555019302d0c/libcst-1.8.0-cp313-cp313t-win_arm64.whl", hash = "sha256:3741c5d07b3438b6db94b395e1855c4c1d6a3ecd7ef35bfe599aadfa098578a3", size = 1971986, upload-time = "2025-05-27T14:23:32.225Z" },
]

[[package]]
name = "mypy"
version = "1.15.0"
source = { registry = "https://pypi.org/simple" }
dependencies = [
    { name = "mypy-extensions" },
    { name = "typing-extensions" },
]
sdist = { url = "https://files.pythonhosted.org/packages/ce/43/d5e49a86afa64bd3839ea0d5b9c7103487007d728e1293f52525d6d5486a/mypy-1.15.0.tar.gz", hash = "sha256:404534629d51d3efea5c800ee7c42b72a6554d6c400e6a79eafe15d11341fd43", size = 3239717, upload-time = "2025-02-05T03:50:34.655Z" }
wheels = [
    { url = "https://files.pythonhosted.org/packages/6a/9b/fd2e05d6ffff24d912f150b87db9e364fa8282045c875654ce7e32fffa66/mypy-1.15.0-cp313-cp313-macosx_10_13_x86_64.whl", hash = "sha256:93faf3fdb04768d44bf28693293f3904bbb555d076b781ad2530214ee53e3445", size = 10788592, upload-time = "2025-02-05T03:48:55.789Z" },
    { url = "https://files.pythonhosted.org/packages/74/37/b246d711c28a03ead1fd906bbc7106659aed7c089d55fe40dd58db812628/mypy-1.15.0-cp313-cp313-macosx_11_0_arm64.whl", hash = "sha256:811aeccadfb730024c5d3e326b2fbe9249bb7413553f15499a4050f7c30e801d", size = 9753611, upload-time = "2025-02-05T03:48:44.581Z" },
    { url = "https://files.pythonhosted.org/packages/a6/ac/395808a92e10cfdac8003c3de9a2ab6dc7cde6c0d2a4df3df1b815ffd067/mypy-1.15.0-cp313-cp313-manylinux_2_17_aarch64.manylinux2014_aarch64.manylinux_2_28_aarch64.whl", hash = "sha256:98b7b9b9aedb65fe628c62a6dc57f6d5088ef2dfca37903a7d9ee374d03acca5", size = 11438443, upload-time = "2025-02-05T03:49:25.514Z" },
    { url = "https://files.pythonhosted.org/packages/d2/8b/801aa06445d2de3895f59e476f38f3f8d610ef5d6908245f07d002676cbf/mypy-1.15.0-cp313-cp313-manylinux_2_17_x86_64.manylinux2014_x86_64.manylinux_2_28_x86_64.whl", hash = "sha256:c43a7682e24b4f576d93072216bf56eeff70d9140241f9edec0c104d0c515036", size = 12402541, upload-time = "2025-02-05T03:49:57.623Z" },
    { url = "https://files.pythonhosted.org/packages/c7/67/5a4268782eb77344cc613a4cf23540928e41f018a9a1ec4c6882baf20ab8/mypy-1.15.0-cp313-cp313-musllinux_1_2_x86_64.whl", hash = "sha256:baefc32840a9f00babd83251560e0ae1573e2f9d1b067719479bfb0e987c6357", size = 12494348, upload-time = "2025-02-05T03:48:52.361Z" },
    { url = "https://files.pythonhosted.org/packages/83/3e/57bb447f7bbbfaabf1712d96f9df142624a386d98fb026a761532526057e/mypy-1.15.0-cp313-cp313-win_amd64.whl", hash = "sha256:b9378e2c00146c44793c98b8d5a61039a048e31f429fb0eb546d93f4b000bedf", size = 9373648, upload-time = "2025-02-05T03:49:11.395Z" },
    { url = "https://files.pythonhosted.org/packages/09/4e/a7d65c7322c510de2c409ff3828b03354a7c43f5a8ed458a7a131b41c7b9/mypy-1.15.0-py3-none-any.whl", hash = "sha256:5469affef548bd1895d86d3bf10ce2b44e33d86923c29e4d675b3e323437ea3e", size = 2221777, upload-time = "2025-02-05T03:50:08.348Z" },
]

[[package]]
name = "mypy-extensions"
version = "1.1.0"
source = { registry = "https://pypi.org/simple" }
sdist = { url = "https://files.pythonhosted.org/packages/a2/6e/371856a3fb9d31ca8dac321cda606860fa4548858c0cc45d9d1d4ca2628b/mypy_extensions-1.1.0.tar.gz", hash = "sha256:52e68efc3284861e772bbcd66823fde5ae21fd2fdb51c62a211403730b916558", size = 6343, upload-time = "2025-04-22T14:54:24.164Z" }
wheels = [
    { url = "https://files.pythonhosted.org/packages/79/7b/2c79738432f5c924bef5071f933bcc9efd0473bac3b4aa584a6f7c1c8df8/mypy_extensions-1.1.0-py3-none-any.whl", hash = "sha256:1be4cccdb0f2482337c4743e60421de3a356cd97508abadd57d47403e94f5505", size = 4963, upload-time = "2025-04-22T14:54:22.983Z" },
]

[[package]]
name = "pyyaml-ft"
version = "7.0.1"
source = { registry = "https://pypi.org/simple" }
sdist = { url = "https://files.pythonhosted.org/packages/ae/ff/976df0c1aa731d1dc1a9d6109a198acd2d8f4a115703fc39e956ad983d00/pyyaml_ft-7.0.1.tar.gz", hash = "sha256:3dc548f723e71ed2c1ba3df02e7c0ff4fd32c33bacd70e4c4b69e1bd3469f370", size = 140935, upload-time = "2025-04-28T19:02:57.668Z" }
wheels = [
    { url = "https://files.pythonhosted.org/packages/c9/cf/efa561b4a6de0220b130c35ce79537d09d640ae2a5104fe8aa7c2ec9a722/pyyaml_ft-7.0.1-cp313-cp313-macosx_10_13_x86_64.whl", hash = "sha256:cbb337bf1acc25b97b93a79416ab32a9176f005c7f98e94f656305ded03a99c8", size = 186437, upload-time = "2025-04-28T19:02:31.291Z" },
    { url = "https://files.pythonhosted.org/packages/24/15/ef019f66d3346c59dd43f5555e001f7c3d2302ef0100e2d2b40a401ab944/pyyaml_ft-7.0.1-cp313-cp313-macosx_11_0_arm64.whl", hash = "sha256:ab77b32f9e120d4c0a3a4142ce4c029ed18c58db18a9b7cddf9e96107006772e", size = 176822, upload-time = "2025-04-28T19:02:33.28Z" },
    { url = "https://files.pythonhosted.org/packages/22/cf/af4e85035a880b8e9531cf5aa2967ebca995daff6ee9f3dd954a32a37662/pyyaml_ft-7.0.1-cp313-cp313-manylinux_2_17_aarch64.manylinux2014_aarch64.whl", hash = "sha256:2c2dbab63a10f2818969f814783545257c8887714ac0b74070988f147106e01b", size = 738490, upload-time = "2025-04-28T19:02:35.055Z" },
    { url = "https://files.pythonhosted.org/packages/26/f8/8fc4d88cee908975a227dfeb14abd5d5a5798a8f44c347ee144186a782cd/pyyaml_ft-7.0.1-cp313-cp313-manylinux_2_17_s390x.manylinux2014_s390x.whl", hash = "sha256:ceb3de99bf5dd82504715752e4b1933bf5c0545b0dfc4d9edf846335ad14c96b", size = 768352, upload-time = "2025-04-28T19:02:36.326Z" },
    { url = "https://files.pythonhosted.org/packages/3e/f8/141b71063eb66c1f3343063e9afc5082013746ef971ed773a9b51687f97a/pyyaml_ft-7.0.1-cp313-cp313-manylinux_2_17_x86_64.manylinux2014_x86_64.whl", hash = "sha256:cfa5770752ed40ae98ab8cda33223cad20a6f94907fdf14412f74f0c2e723ece", size = 764531, upload-time = "2025-04-28T19:02:38.107Z" },
    { url = "https://files.pythonhosted.org/packages/2b/5f/3ff1ec0424389310d45a6234768df48752d12de8e20b51d02172219f05eb/pyyaml_ft-7.0.1-cp313-cp313-musllinux_1_1_aarch64.whl", hash = "sha256:38bcfa5cd79f83c776d09403dd21da25dde3d406297def4aa817a149f2a2a337", size = 731638, upload-time = "2025-04-28T19:02:39.411Z" },
    { url = "https://files.pythonhosted.org/packages/9e/d6/752b1487933646cde6c6b1d28c18aab4838f950d2fae9635563b6fc45cf6/pyyaml_ft-7.0.1-cp313-cp313-musllinux_1_1_x86_64.whl", hash = "sha256:5398e4c9b5fa840323f328636fb49680a95d6aac7825943b2f7f85df28ddfffa", size = 756586, upload-time = "2025-04-28T19:02:40.961Z" },
    { url = "https://files.pythonhosted.org/packages/d7/91/c36a59ea7295709dd372c7dec0be8adc6d5a5f26f73bc223f6184847eb57/pyyaml_ft-7.0.1-cp313-cp313-win_amd64.whl", hash = "sha256:5418bc61c2eca297af0e38f88a432e483c9e9553751a26fb1921f90fe96fa11a", size = 161542, upload-time = "2025-04-28T19:02:42.812Z" },
    { url = "https://files.pythonhosted.org/packages/f1/f8/db600151de1376c08ed6b8e65195d714046c1423b0359bef2382664056cf/pyyaml_ft-7.0.1-cp313-cp313t-macosx_10_13_x86_64.whl", hash = "sha256:772b45e2620e4299fc91d3bb24692bad81db8de4ed60e8de45603802b6378c47", size = 190714, upload-time = "2025-04-28T19:02:44.519Z" },
    { url = "https://files.pythonhosted.org/packages/c6/b8/a1f5522b17bbbb1eca26d931921dec417aba763f8608f7a5e565c06632a1/pyyaml_ft-7.0.1-cp313-cp313t-macosx_11_0_arm64.whl", hash = "sha256:3b1198045c1d7c37e7e98a93c7c85628e4902a232ae9bf1c33c1888e576a4153", size = 182172, upload-time = "2025-04-28T19:02:45.762Z" },
    { url = "https://files.pythonhosted.org/packages/f6/d6/243c599a3bf4cd3c37c1e73f9a95b9dba852a7b226ca2d5e36149105255c/pyyaml_ft-7.0.1-cp313-cp313t-manylinux_2_17_aarch64.manylinux2014_aarch64.whl", hash = "sha256:e8384600ce21dde15ab1f9784f44c2eaedc4f08f4233043cf71ff9a3054f46b5", size = 810771, upload-time = "2025-04-28T19:02:47.471Z" },
    { url = "https://files.pythonhosted.org/packages/ee/17/bef7c483feb8773662089f49b37b65e47a353e16faa983e6dcfaddba547f/pyyaml_ft-7.0.1-cp313-cp313t-manylinux_2_17_s390x.manylinux2014_s390x.whl", hash = "sha256:c1d06682a70564e596b4f3f83fc651de1681b1091ea529cea45b6b6f4f1f45ad", size = 830006, upload-time = "2025-04-28T19:02:48.868Z" },
    { url = "https://files.pythonhosted.org/packages/94/ed/cd8c9478f5a98c39db8a338a2348e134d83c9dbf67602e0d525951d92cf9/pyyaml_ft-7.0.1-cp313-cp313t-manylinux_2_17_x86_64.manylinux2014_x86_64.whl", hash = "sha256:1246c7d3999b606ce920348fc1c13f3928f94a958be9e14834cdc07525382b97", size = 813504, upload-time = "2025-04-28T19:02:50.638Z" },
    { url = "https://files.pythonhosted.org/packages/61/da/4ec865f6ff48175b29f05bd081d5e6bc73cb0118d15b373eefd4520e5dc8/pyyaml_ft-7.0.1-cp313-cp313t-musllinux_1_1_aarch64.whl", hash = "sha256:90b7fac2398bdbb1aca8527734a1df549579e6ec6442f73ff4ddd3c41da76cb4", size = 799978, upload-time = "2025-04-28T19:02:52.116Z" },
    { url = "https://files.pythonhosted.org/packages/e3/66/1615add298dfc4016ab1fa7438882be1f3f344508fcc2c1e43bbcf5e96e1/pyyaml_ft-7.0.1-cp313-cp313t-musllinux_1_1_x86_64.whl", hash = "sha256:0f7884aa20dfaa7b8da2239a1e798009ad115ad77aa51ec66f10e56becf4ef09", size = 805188, upload-time = "2025-04-28T19:02:54.095Z" },
    { url = "https://files.pythonhosted.org/packages/a7/2c/479945d7faacf1f74838e0861a89d002540b99dbb63ea74e2d945106ec5f/pyyaml_ft-7.0.1-cp313-cp313t-win_amd64.whl", hash = "sha256:4d42a8f3b67bdadb347b1b64ff06a6941ca9d2d2db4e52f9096d97d742f6c159", size = 171220, upload-time = "2025-04-28T19:02:56.38Z" },
]

[[package]]
name = "ruff"
version = "0.11.12"
source = { registry = "https://pypi.org/simple" }
sdist = { url = "https://files.pythonhosted.org/packages/15/0a/92416b159ec00cdf11e5882a9d80d29bf84bba3dbebc51c4898bfbca1da6/ruff-0.11.12.tar.gz", hash = "sha256:43cf7f69c7d7c7d7513b9d59c5d8cafd704e05944f978614aa9faff6ac202603", size = 4202289, upload-time = "2025-05-29T13:31:40.037Z" }
wheels = [
    { url = "https://files.pythonhosted.org/packages/60/cc/53eb79f012d15e136d40a8e8fc519ba8f55a057f60b29c2df34efd47c6e3/ruff-0.11.12-py3-none-linux_armv6l.whl", hash = "sha256:c7680aa2f0d4c4f43353d1e72123955c7a2159b8646cd43402de6d4a3a25d7cc", size = 10285597, upload-time = "2025-05-29T13:30:57.539Z" },
    { url = "https://files.pythonhosted.org/packages/e7/d7/73386e9fb0232b015a23f62fea7503f96e29c29e6c45461d4a73bac74df9/ruff-0.11.12-py3-none-macosx_10_12_x86_64.whl", hash = "sha256:2cad64843da9f134565c20bcc430642de897b8ea02e2e79e6e02a76b8dcad7c3", size = 11053154, upload-time = "2025-05-29T13:31:00.865Z" },
    { url = "https://files.pythonhosted.org/packages/4e/eb/3eae144c5114e92deb65a0cb2c72326c8469e14991e9bc3ec0349da1331c/ruff-0.11.12-py3-none-macosx_11_0_arm64.whl", hash = "sha256:9b6886b524a1c659cee1758140138455d3c029783d1b9e643f3624a5ee0cb0aa", size = 10403048, upload-time = "2025-05-29T13:31:03.413Z" },
    { url = "https://files.pythonhosted.org/packages/29/64/20c54b20e58b1058db6689e94731f2a22e9f7abab74e1a758dfba058b6ca/ruff-0.11.12-py3-none-manylinux_2_17_aarch64.manylinux2014_aarch64.whl", hash = "sha256:3cc3a3690aad6e86c1958d3ec3c38c4594b6ecec75c1f531e84160bd827b2012", size = 10597062, upload-time = "2025-05-29T13:31:05.539Z" },
    { url = "https://files.pythonhosted.org/packages/29/3a/79fa6a9a39422a400564ca7233a689a151f1039110f0bbbabcb38106883a/ruff-0.11.12-py3-none-manylinux_2_17_armv7l.manylinux2014_armv7l.whl", hash = "sha256:f97fdbc2549f456c65b3b0048560d44ddd540db1f27c778a938371424b49fe4a", size = 10155152, upload-time = "2025-05-29T13:31:07.986Z" },
    { url = "https://files.pythonhosted.org/packages/e5/a4/22c2c97b2340aa968af3a39bc38045e78d36abd4ed3fa2bde91c31e712e3/ruff-0.11.12-py3-none-manylinux_2_17_i686.manylinux2014_i686.whl", hash = "sha256:74adf84960236961090e2d1348c1a67d940fd12e811a33fb3d107df61eef8fc7", size = 11723067, upload-time = "2025-05-29T13:31:10.57Z" },
    { url = "https://files.pythonhosted.org/packages/bc/cf/3e452fbd9597bcd8058856ecd42b22751749d07935793a1856d988154151/ruff-0.11.12-py3-none-manylinux_2_17_ppc64.manylinux2014_ppc64.whl", hash = "sha256:b56697e5b8bcf1d61293ccfe63873aba08fdbcbbba839fc046ec5926bdb25a3a", size = 12460807, upload-time = "2025-05-29T13:31:12.88Z" },
    { url = "https://files.pythonhosted.org/packages/2f/ec/8f170381a15e1eb7d93cb4feef8d17334d5a1eb33fee273aee5d1f8241a3/ruff-0.11.12-py3-none-manylinux_2_17_ppc64le.manylinux2014_ppc64le.whl", hash = "sha256:4d47afa45e7b0eaf5e5969c6b39cbd108be83910b5c74626247e366fd7a36a13", size = 12063261, upload-time = "2025-05-29T13:31:15.236Z" },
    { url = "https://files.pythonhosted.org/packages/0d/bf/57208f8c0a8153a14652a85f4116c0002148e83770d7a41f2e90b52d2b4e/ruff-0.11.12-py3-none-manylinux_2_17_s390x.manylinux2014_s390x.whl", hash = "sha256:692bf9603fe1bf949de8b09a2da896f05c01ed7a187f4a386cdba6760e7f61be", size = 11329601, upload-time = "2025-05-29T13:31:18.68Z" },
    { url = "https://files.pythonhosted.org/packages/c3/56/edf942f7fdac5888094d9ffa303f12096f1a93eb46570bcf5f14c0c70880/ruff-0.11.12-py3-none-manylinux_2_17_x86_64.manylinux2014_x86_64.whl", hash = "sha256:08033320e979df3b20dba567c62f69c45e01df708b0f9c83912d7abd3e0801cd", size = 11522186, upload-time = "2025-05-29T13:31:21.216Z" },
    { url = "https://files.pythonhosted.org/packages/ed/63/79ffef65246911ed7e2290aeece48739d9603b3a35f9529fec0fc6c26400/ruff-0.11.12-py3-none-musllinux_1_2_aarch64.whl", hash = "sha256:929b7706584f5bfd61d67d5070f399057d07c70585fa8c4491d78ada452d3bef", size = 10449032, upload-time = "2025-05-29T13:31:23.417Z" },
    { url = "https://files.pythonhosted.org/packages/88/19/8c9d4d8a1c2a3f5a1ea45a64b42593d50e28b8e038f1aafd65d6b43647f3/ruff-0.11.12-py3-none-musllinux_1_2_armv7l.whl", hash = "sha256:7de4a73205dc5756b8e09ee3ed67c38312dce1aa28972b93150f5751199981b5", size = 10129370, upload-time = "2025-05-29T13:31:25.777Z" },
    { url = "https://files.pythonhosted.org/packages/bc/0f/2d15533eaa18f460530a857e1778900cd867ded67f16c85723569d54e410/ruff-0.11.12-py3-none-musllinux_1_2_i686.whl", hash = "sha256:2635c2a90ac1b8ca9e93b70af59dfd1dd2026a40e2d6eebaa3efb0465dd9cf02", size = 11123529, upload-time = "2025-05-29T13:31:28.396Z" },
    { url = "https://files.pythonhosted.org/packages/4f/e2/4c2ac669534bdded835356813f48ea33cfb3a947dc47f270038364587088/ruff-0.11.12-py3-none-musllinux_1_2_x86_64.whl", hash = "sha256:d05d6a78a89166f03f03a198ecc9d18779076ad0eec476819467acb401028c0c", size = 11577642, upload-time = "2025-05-29T13:31:30.647Z" },
    { url = "https://files.pythonhosted.org/packages/a7/9b/c9ddf7f924d5617a1c94a93ba595f4b24cb5bc50e98b94433ab3f7ad27e5/ruff-0.11.12-py3-none-win32.whl", hash = "sha256:f5a07f49767c4be4772d161bfc049c1f242db0cfe1bd976e0f0886732a4765d6", size = 10475511, upload-time = "2025-05-29T13:31:32.917Z" },
    { url = "https://files.pythonhosted.org/packages/fd/d6/74fb6d3470c1aada019ffff33c0f9210af746cca0a4de19a1f10ce54968a/ruff-0.11.12-py3-none-win_amd64.whl", hash = "sha256:5a4d9f8030d8c3a45df201d7fb3ed38d0219bccd7955268e863ee4a115fa0832", size = 11523573, upload-time = "2025-05-29T13:31:35.782Z" },
    { url = "https://files.pythonhosted.org/packages/44/42/d58086ec20f52d2b0140752ae54b355ea2be2ed46f914231136dd1effcc7/ruff-0.11.12-py3-none-win_arm64.whl", hash = "sha256:65194e37853158d368e333ba282217941029a28ea90913c67e558c611d04daa5", size = 10697770, upload-time = "2025-05-29T13:31:38.009Z" },
]

[[package]]
name = "typing-extensions"
version = "4.13.2"
source = { registry = "https://pypi.org/simple" }
sdist = { url = "https://files.pythonhosted.org/packages/f6/37/23083fcd6e35492953e8d2aaaa68b860eb422b34627b13f2ce3eb6106061/typing_extensions-4.13.2.tar.gz", hash = "sha256:e6c81219bd689f51865d9e372991c540bda33a0379d5573cddb9a3a23f7caaef", size = 106967, upload-time = "2025-04-10T14:19:05.416Z" }
wheels = [
    { url = "https://files.pythonhosted.org/packages/8b/54/b1ae86c0973cc6f0210b53d508ca3641fb6d0c56823f288d108bc7ab3cc8/typing_extensions-4.13.2-py3-none-any.whl", hash = "sha256:a439e7c04b49fec3e5d3e2beaa21755cadbbdc391694e28ccdd36ca4a1408f8c", size = 45806, upload-time = "2025-04-10T14:19:03.967Z" },
]

[[package]]
name = "vscode-remote-try-libcst"
version = "0.1.0"
source = { virtual = "." }
dependencies = [
    { name = "libcst" },
]

[package.dev-dependencies]
dev = [
    { name = "mypy" },
    { name = "ruff" },
]

[package.metadata]
requires-dist = [{ name = "libcst", specifier = ">=1.8.0" }]

[package.metadata.requires-dev]
dev = [
    { name = "mypy", specifier = ">=1.15.0" },
    { name = "ruff", specifier = ">=0.11.12" },
]
