version = 1
revision = 3
requires-python = ">=3.13"

[[package]]
name = "libcst"
version = "1.8.2"
source = { registry = "https://pypi.org/simple" }
dependencies = [
    { name = "pyyaml-ft" },
]
sdist = { url = "https://files.pythonhosted.org/packages/89/aa/b52d195b167958fe1bd106a260f64cc80ec384f6ac2a9cda874d8803df06/libcst-1.8.2.tar.gz", hash = "sha256:66e82cedba95a6176194a817be4232c720312f8be6d2c8f3847f3317d95a0c7f", size = 881534, upload-time = "2025-06-13T20:56:37.915Z" }
wheels = [
    { url = "https://files.pythonhosted.org/packages/11/9c/e3d4c7f1eb5c23907f905f84a4da271b60cd15b746ac794d42ea18bb105e/libcst-1.8.2-cp313-cp313-macosx_10_13_x86_64.whl", hash = "sha256:08e9dca4ab6f8551794ce7ec146f86def6a82da41750cbed2c07551345fa10d3", size = 2185848, upload-time = "2025-06-13T20:55:43.653Z" },
    { url = "https://files.pythonhosted.org/packages/59/e0/635cbb205d42fd296c01ab5cd1ba485b0aee92bffe061de587890c81f1bf/libcst-1.8.2-cp313-cp313-macosx_11_0_arm64.whl", hash = "sha256:8310521f2ccb79b5c4345750d475b88afa37bad930ab5554735f85ad5e3add30", size = 2072510, upload-time = "2025-06-13T20:55:45.287Z" },
    { url = "https://files.pythonhosted.org/packages/fe/45/8911cfe9413fd690a024a1ff2c8975f060dd721160178679d3f6a21f939e/libcst-1.8.2-cp313-cp313-manylinux1_i686.manylinux2014_i686.manylinux_2_17_i686.manylinux_2_5_i686.whl", hash = "sha256:da2d8b008aff72acd5a4a588491abdda1b446f17508e700f26df9be80d8442ae", size = 2403226, upload-time = "2025-06-13T20:55:46.927Z" },
    { url = "https://files.pythonhosted.org/packages/38/83/819d2b1b1fd870ad34ce4f34ec68704ca69bf48ef2d7665483115f267ec4/libcst-1.8.2-cp313-cp313-manylinux_2_28_aarch64.whl", hash = "sha256:be821d874ce8b26cbadd7277fa251a9b37f6d2326f8b5682b6fc8966b50a3a59", size = 2220669, upload-time = "2025-06-13T20:55:48.597Z" },
    { url = "https://files.pythonhosted.org/packages/d4/2f/2c4742bf834f88a9803095915c4f41cafefb7b04bde66ea86f74668b4b7b/libcst-1.8.2-cp313-cp313-manylinux_2_28_armv7l.manylinux_2_31_armv7l.whl", hash = "sha256:f74b0bc7378ad5afcf25ac9d0367b4dbba50f6f6468faa41f5dfddcf8bf9c0f8", size = 2191919, upload-time = "2025-06-13T20:55:50.092Z" },
    { url = "https://files.pythonhosted.org/packages/64/f4/107e13815f1ee5aad642d4eb4671c0273ee737f3832e3dbca9603b39f8d9/libcst-1.8.2-cp313-cp313-manylinux_2_28_x86_64.whl", hash = "sha256:b68ea4a6018abfea1f68d50f74de7d399172684c264eb09809023e2c8696fc23", size = 2311965, upload-time = "2025-06-13T20:55:51.974Z" },
    { url = "https://files.pythonhosted.org/packages/03/63/2948b6e4be367ad375d273a8ad00df573029cffe5ac8f6c09398c250de5b/libcst-1.8.2-cp313-cp313-musllinux_1_2_aarch64.whl", hash = "sha256:2e264307ec49b2c72480422abafe80457f90b4e6e693b7ddf8a23d24b5c24001", size = 2281704, upload-time = "2025-06-13T20:55:54.036Z" },
    { url = "https://files.pythonhosted.org/packages/c8/d3/590cde9c8c386d5f4f05fdef3394c437ea51060478a5141ff4a1f289e747/libcst-1.8.2-cp313-cp313-musllinux_1_2_x86_64.whl", hash = "sha256:a5d5519962ce7c72d81888fb0c09e58e308ba4c376e76bcd853b48151063d6a8", size = 2387511, upload-time = "2025-06-13T20:55:55.538Z" },
    { url = "https://files.pythonhosted.org/packages/96/3d/ba5e36c663028043fc607dc33e5c390c7f73136fb15a890fb3710ee9d158/libcst-1.8.2-cp313-cp313-win_amd64.whl", hash = "sha256:b62aa11d6b74ed5545e58ac613d3f63095e5fd0254b3e0d1168fda991b9a6b41", size = 2094526, upload-time = "2025-06-13T20:55:57.486Z" },
    { url = "https://files.pythonhosted.org/packages/a5/34/530ca3b972dddad562f266c81190bea29376f8ba70054ea7b45b114504cd/libcst-1.8.2-cp313-cp313-win_arm64.whl", hash = "sha256:9c2bd4ac288a9cdb7ffc3229a9ce8027a66a3fd3f2ab9e13da60f5fbfe91f3b2", size = 1984627, upload-time = "2025-06-13T20:55:59.017Z" },
    { url = "https://files.pythonhosted.org/packages/19/9f/491f7b8d9d93444cd9bf711156ee1f122c38d25b903599e363d669acc8ab/libcst-1.8.2-cp313-cp313t-macosx_10_13_x86_64.whl", hash = "sha256:08a8c7d9922ca6eed24e2c13a3c552b3c186af8fc78e5d4820b58487d780ec19", size = 2175415, upload-time = "2025-06-13T20:56:01.157Z" },
    { url = "https://files.pythonhosted.org/packages/2e/fe/4d13437f453f92687246aa7c5138e102ee5186fe96609ee4c598bb9f9ecb/libcst-1.8.2-cp313-cp313t-macosx_11_0_arm64.whl", hash = "sha256:bba7c2b5063e8ada5a5477f9fa0c01710645426b5a8628ec50d558542a0a292e", size = 2063719, upload-time = "2025-06-13T20:56:02.787Z" },
    { url = "https://files.pythonhosted.org/packages/94/59/758ae142c6607f275269021362b731e0f22ff5c9aa7cc67b0ed3a6bc930f/libcst-1.8.2-cp313-cp313t-manylinux1_i686.manylinux2014_i686.manylinux_2_17_i686.manylinux_2_5_i686.whl", hash = "sha256:d97c9fe13aacfbefded6861f5200dcb8e837da7391a9bdeb44ccb133705990af", size = 2380624, upload-time = "2025-06-13T20:56:04.909Z" },
    { url = "https://files.pythonhosted.org/packages/ac/c5/31d214a0bcb3523243a9b5643b597ff653d6ec9e1f3326cfcc16bcbf185d/libcst-1.8.2-cp313-cp313t-manylinux_2_28_aarch64.whl", hash = "sha256:d2194ae959630aae4176a4b75bd320b3274c20bef2a5ca6b8d6fc96d3c608edf", size = 2208801, upload-time = "2025-06-13T20:56:06.983Z" },
    { url = "https://files.pythonhosted.org/packages/70/16/a53f852322b266c63b492836a5c4968f192ee70fb52795a79feb4924e9ed/libcst-1.8.2-cp313-cp313t-manylinux_2_28_armv7l.manylinux_2_31_armv7l.whl", hash = "sha256:0be639f5b2e1999a4b4a82a0f4633969f97336f052d0c131627983589af52f56", size = 2179557, upload-time = "2025-06-13T20:56:09.09Z" },
    { url = "https://files.pythonhosted.org/packages/fa/49/12a5664c73107187ba3af14869d3878fca1fd4c37f6fbb9adb943cb7a791/libcst-1.8.2-cp313-cp313t-manylinux_2_28_x86_64.whl", hash = "sha256:6753e50904e05c27915933da41518ecd7a8ca4dd3602112ba44920c6e353a455", size = 2302499, upload-time = "2025-06-13T20:56:10.751Z" },
    { url = "https://files.pythonhosted.org/packages/e9/46/2d62552a9346a040c045d6619b645d59bb707a586318121f099abd0cd5c4/libcst-1.8.2-cp313-cp313t-musllinux_1_2_aarch64.whl", hash = "sha256:706d07106af91c343150be86caeae1ea3851b74aa0730fcbbf8cd089e817f818", size = 2271070, upload-time = "2025-06-13T20:56:12.445Z" },
    { url = "https://files.pythonhosted.org/packages/af/67/b625fd6ae22575255aade0a24f45e1d430b7e7279729c9c51d4faac982d2/libcst-1.8.2-cp313-cp313t-musllinux_1_2_x86_64.whl", hash = "sha256:dd4310ea8ddc49cc8872e083737cf806299b17f93159a1f354d59aa08993e876", size = 2380767, upload-time = "2025-06-13T20:56:13.995Z" },
    { url = "https://files.pythonhosted.org/packages/e6/84/fb88f2ffdb045ff7323a6c05dd3d243a9eb3cb3517a6269dee43fbfb9990/libcst-1.8.2-cp313-cp313t-win_amd64.whl", hash = "sha256:51bbafdd847529e8a16d1965814ed17831af61452ee31943c414cb23451de926", size = 2083403, upload-time = "2025-06-13T20:56:15.959Z" },
    { url = "https://files.pythonhosted.org/packages/d3/8f/da755d6d517eb8ec9664afae967b00a9b8dd567bbbb350e261359c1b47fc/libcst-1.8.2-cp313-cp313t-win_arm64.whl", hash = "sha256:4f14f5045766646ed9e8826b959c6d07194788babed1e0ba08c94ea4f39517e3", size = 1974355, upload-time = "2025-06-13T20:56:18.064Z" },
]

[[package]]
name = "mypy"
version = "1.17.1"
source = { registry = "https://pypi.org/simple" }
dependencies = [
    { name = "mypy-extensions" },
    { name = "pathspec" },
    { name = "typing-extensions" },
]
sdist = { url = "https://files.pythonhosted.org/packages/8e/22/ea637422dedf0bf36f3ef238eab4e455e2a0dcc3082b5cc067615347ab8e/mypy-1.17.1.tar.gz", hash = "sha256:25e01ec741ab5bb3eec8ba9cdb0f769230368a22c959c4937360efb89b7e9f01", size = 3352570, upload-time = "2025-07-31T07:54:19.204Z" }
wheels = [
    { url = "https://files.pythonhosted.org/packages/5b/82/aec2fc9b9b149f372850291827537a508d6c4d3664b1750a324b91f71355/mypy-1.17.1-cp313-cp313-macosx_10_13_x86_64.whl", hash = "sha256:93378d3203a5c0800c6b6d850ad2f19f7a3cdf1a3701d3416dbf128805c6a6a7", size = 11075338, upload-time = "2025-07-31T07:53:38.873Z" },
    { url = "https://files.pythonhosted.org/packages/07/ac/ee93fbde9d2242657128af8c86f5d917cd2887584cf948a8e3663d0cd737/mypy-1.17.1-cp313-cp313-macosx_11_0_arm64.whl", hash = "sha256:15d54056f7fe7a826d897789f53dd6377ec2ea8ba6f776dc83c2902b899fee81", size = 10113066, upload-time = "2025-07-31T07:54:14.707Z" },
    { url = "https://files.pythonhosted.org/packages/5a/68/946a1e0be93f17f7caa56c45844ec691ca153ee8b62f21eddda336a2d203/mypy-1.17.1-cp313-cp313-manylinux2014_aarch64.manylinux_2_17_aarch64.manylinux_2_28_aarch64.whl", hash = "sha256:209a58fed9987eccc20f2ca94afe7257a8f46eb5df1fb69958650973230f91e6", size = 11875473, upload-time = "2025-07-31T07:53:14.504Z" },
    { url = "https://files.pythonhosted.org/packages/9f/0f/478b4dce1cb4f43cf0f0d00fba3030b21ca04a01b74d1cd272a528cf446f/mypy-1.17.1-cp313-cp313-manylinux2014_x86_64.manylinux_2_17_x86_64.manylinux_2_28_x86_64.whl", hash = "sha256:099b9a5da47de9e2cb5165e581f158e854d9e19d2e96b6698c0d64de911dd849", size = 12744296, upload-time = "2025-07-31T07:53:03.896Z" },
    { url = "https://files.pythonhosted.org/packages/ca/70/afa5850176379d1b303f992a828de95fc14487429a7139a4e0bdd17a8279/mypy-1.17.1-cp313-cp313-musllinux_1_2_x86_64.whl", hash = "sha256:fa6ffadfbe6994d724c5a1bb6123a7d27dd68fc9c059561cd33b664a79578e14", size = 12914657, upload-time = "2025-07-31T07:54:08.576Z" },
    { url = "https://files.pythonhosted.org/packages/53/f9/4a83e1c856a3d9c8f6edaa4749a4864ee98486e9b9dbfbc93842891029c2/mypy-1.17.1-cp313-cp313-win_amd64.whl", hash = "sha256:9a2b7d9180aed171f033c9f2fc6c204c1245cf60b0cb61cf2e7acc24eea78e0a", size = 9593320, upload-time = "2025-07-31T07:53:01.341Z" },
    { url = "https://files.pythonhosted.org/packages/38/56/79c2fac86da57c7d8c48622a05873eaab40b905096c33597462713f5af90/mypy-1.17.1-cp314-cp314-macosx_10_13_x86_64.whl", hash = "sha256:15a83369400454c41ed3a118e0cc58bd8123921a602f385cb6d6ea5df050c733", size = 11040037, upload-time = "2025-07-31T07:54:10.942Z" },
    { url = "https://files.pythonhosted.org/packages/4d/c3/adabe6ff53638e3cad19e3547268482408323b1e68bf082c9119000cd049/mypy-1.17.1-cp314-cp314-macosx_11_0_arm64.whl", hash = "sha256:55b918670f692fc9fba55c3298d8a3beae295c5cded0a55dccdc5bbead814acd", size = 10131550, upload-time = "2025-07-31T07:53:41.307Z" },
    { url = "https://files.pythonhosted.org/packages/b8/c5/2e234c22c3bdeb23a7817af57a58865a39753bde52c74e2c661ee0cfc640/mypy-1.17.1-cp314-cp314-manylinux2014_aarch64.manylinux_2_17_aarch64.manylinux_2_28_aarch64.whl", hash = "sha256:62761474061feef6f720149d7ba876122007ddc64adff5ba6f374fda35a018a0", size = 11872963, upload-time = "2025-07-31T07:53:16.878Z" },
    { url = "https://files.pythonhosted.org/packages/ab/26/c13c130f35ca8caa5f2ceab68a247775648fdcd6c9a18f158825f2bc2410/mypy-1.17.1-cp314-cp314-manylinux2014_x86_64.manylinux_2_17_x86_64.manylinux_2_28_x86_64.whl", hash = "sha256:c49562d3d908fd49ed0938e5423daed8d407774a479b595b143a3d7f87cdae6a", size = 12710189, upload-time = "2025-07-31T07:54:01.962Z" },
    { url = "https://files.pythonhosted.org/packages/82/df/c7d79d09f6de8383fe800521d066d877e54d30b4fb94281c262be2df84ef/mypy-1.17.1-cp314-cp314-musllinux_1_2_x86_64.whl", hash = "sha256:397fba5d7616a5bc60b45c7ed204717eaddc38f826e3645402c426057ead9a91", size = 12900322, upload-time = "2025-07-31T07:53:10.551Z" },
    { url = "https://files.pythonhosted.org/packages/b8/98/3d5a48978b4f708c55ae832619addc66d677f6dc59f3ebad71bae8285ca6/mypy-1.17.1-cp314-cp314-win_amd64.whl", hash = "sha256:9d6b20b97d373f41617bd0708fd46aa656059af57f2ef72aa8c7d6a2b73b74ed", size = 9751879, upload-time = "2025-07-31T07:52:56.683Z" },
    { url = "https://files.pythonhosted.org/packages/1d/f3/8fcd2af0f5b806f6cf463efaffd3c9548a28f84220493ecd38d127b6b66d/mypy-1.17.1-py3-none-any.whl", hash = "sha256:a9f52c0351c21fe24c21d8c0eb1f62967b262d6729393397b6f443c3b773c3b9", size = 2283411, upload-time = "2025-07-31T07:53:24.664Z" },
]

[[package]]
name = "mypy-extensions"
version = "1.1.0"
source = { registry = "https://pypi.org/simple" }
sdist = { url = "https://files.pythonhosted.org/packages/a2/6e/371856a3fb9d31ca8dac321cda606860fa4548858c0cc45d9d1d4ca2628b/mypy_extensions-1.1.0.tar.gz", hash = "sha256:52e68efc3284861e772bbcd66823fde5ae21fd2fdb51c62a211403730b916558", size = 6343, upload-time = "2025-04-22T14:54:24.164Z" }
wheels = [
    { url = "https://files.pythonhosted.org/packages/79/7b/2c79738432f5c924bef5071f933bcc9efd0473bac3b4aa584a6f7c1c8df8/mypy_extensions-1.1.0-py3-none-any.whl", hash = "sha256:1be4cccdb0f2482337c4743e60421de3a356cd97508abadd57d47403e94f5505", size = 4963, upload-time = "2025-04-22T14:54:22.983Z" },
]

[[package]]
name = "pathspec"
version = "0.12.1"
source = { registry = "https://pypi.org/simple" }
sdist = { url = "https://files.pythonhosted.org/packages/ca/bc/f35b8446f4531a7cb215605d100cd88b7ac6f44ab3fc94870c120ab3adbf/pathspec-0.12.1.tar.gz", hash = "sha256:a482d51503a1ab33b1c67a6c3813a26953dbdc71c31dacaef9a838c4e29f5712", size = 51043, upload-time = "2023-12-10T22:30:45Z" }
wheels = [
    { url = "https://files.pythonhosted.org/packages/cc/20/ff623b09d963f88bfde16306a54e12ee5ea43e9b597108672ff3a408aad6/pathspec-0.12.1-py3-none-any.whl", hash = "sha256:a0d503e138a4c123b27490a4f7beda6a01c6f288df0e4a8b79c7eb0dc7b4cc08", size = 31191, upload-time = "2023-12-10T22:30:43.14Z" },
]

[[package]]
name = "pyyaml-ft"
version = "8.0.0"
source = { registry = "https://pypi.org/simple" }
sdist = { url = "https://files.pythonhosted.org/packages/5e/eb/5a0d575de784f9a1f94e2b1288c6886f13f34185e13117ed530f32b6f8a8/pyyaml_ft-8.0.0.tar.gz", hash = "sha256:0c947dce03954c7b5d38869ed4878b2e6ff1d44b08a0d84dc83fdad205ae39ab", size = 141057, upload-time = "2025-06-10T15:32:15.613Z" }
wheels = [
    { url = "https://files.pythonhosted.org/packages/68/ba/a067369fe61a2e57fb38732562927d5bae088c73cb9bb5438736a9555b29/pyyaml_ft-8.0.0-cp313-cp313-macosx_10_13_x86_64.whl", hash = "sha256:8c1306282bc958bfda31237f900eb52c9bedf9b93a11f82e1aab004c9a5657a6", size = 187027, upload-time = "2025-06-10T15:31:48.722Z" },
    { url = "https://files.pythonhosted.org/packages/ad/c5/a3d2020ce5ccfc6aede0d45bcb870298652ac0cf199f67714d250e0cdf39/pyyaml_ft-8.0.0-cp313-cp313-macosx_11_0_arm64.whl", hash = "sha256:30c5f1751625786c19de751e3130fc345ebcba6a86f6bddd6e1285342f4bbb69", size = 176146, upload-time = "2025-06-10T15:31:50.584Z" },
    { url = "https://files.pythonhosted.org/packages/e3/bb/23a9739291086ca0d3189eac7cd92b4d00e9fdc77d722ab610c35f9a82ba/pyyaml_ft-8.0.0-cp313-cp313-manylinux_2_17_aarch64.manylinux2014_aarch64.whl", hash = "sha256:3fa992481155ddda2e303fcc74c79c05eddcdbc907b888d3d9ce3ff3e2adcfb0", size = 746792, upload-time = "2025-06-10T15:31:52.304Z" },
    { url = "https://files.pythonhosted.org/packages/5f/c2/e8825f4ff725b7e560d62a3609e31d735318068e1079539ebfde397ea03e/pyyaml_ft-8.0.0-cp313-cp313-manylinux_2_17_s390x.manylinux2014_s390x.whl", hash = "sha256:cec6c92b4207004b62dfad1f0be321c9f04725e0f271c16247d8b39c3bf3ea42", size = 786772, upload-time = "2025-06-10T15:31:54.712Z" },
    { url = "https://files.pythonhosted.org/packages/35/be/58a4dcae8854f2fdca9b28d9495298fd5571a50d8430b1c3033ec95d2d0e/pyyaml_ft-8.0.0-cp313-cp313-manylinux_2_17_x86_64.manylinux2014_x86_64.whl", hash = "sha256:06237267dbcab70d4c0e9436d8f719f04a51123f0ca2694c00dd4b68c338e40b", size = 778723, upload-time = "2025-06-10T15:31:56.093Z" },
    { url = "https://files.pythonhosted.org/packages/86/ed/fed0da92b5d5d7340a082e3802d84c6dc9d5fa142954404c41a544c1cb92/pyyaml_ft-8.0.0-cp313-cp313-musllinux_1_2_aarch64.whl", hash = "sha256:8a7f332bc565817644cdb38ffe4739e44c3e18c55793f75dddb87630f03fc254", size = 758478, upload-time = "2025-06-10T15:31:58.314Z" },
    { url = "https://files.pythonhosted.org/packages/f0/69/ac02afe286275980ecb2dcdc0156617389b7e0c0a3fcdedf155c67be2b80/pyyaml_ft-8.0.0-cp313-cp313-musllinux_1_2_x86_64.whl", hash = "sha256:7d10175a746be65f6feb86224df5d6bc5c049ebf52b89a88cf1cd78af5a367a8", size = 799159, upload-time = "2025-06-10T15:31:59.675Z" },
    { url = "https://files.pythonhosted.org/packages/4e/ac/c492a9da2e39abdff4c3094ec54acac9747743f36428281fb186a03fab76/pyyaml_ft-8.0.0-cp313-cp313-win_amd64.whl", hash = "sha256:58e1015098cf8d8aec82f360789c16283b88ca670fe4275ef6c48c5e30b22a96", size = 158779, upload-time = "2025-06-10T15:32:01.029Z" },
    { url = "https://files.pythonhosted.org/packages/5d/9b/41998df3298960d7c67653669f37710fa2d568a5fc933ea24a6df60acaf6/pyyaml_ft-8.0.0-cp313-cp313t-macosx_10_13_x86_64.whl", hash = "sha256:e64fa5f3e2ceb790d50602b2fd4ec37abbd760a8c778e46354df647e7c5a4ebb", size = 191331, upload-time = "2025-06-10T15:32:02.602Z" },
    { url = "https://files.pythonhosted.org/packages/0f/16/2710c252ee04cbd74d9562ebba709e5a284faeb8ada88fcda548c9191b47/pyyaml_ft-8.0.0-cp313-cp313t-macosx_11_0_arm64.whl", hash = "sha256:8d445bf6ea16bb93c37b42fdacfb2f94c8e92a79ba9e12768c96ecde867046d1", size = 182879, upload-time = "2025-06-10T15:32:04.466Z" },
    { url = "https://files.pythonhosted.org/packages/9a/40/ae8163519d937fa7bfa457b6f78439cc6831a7c2b170e4f612f7eda71815/pyyaml_ft-8.0.0-cp313-cp313t-manylinux_2_17_aarch64.manylinux2014_aarch64.whl", hash = "sha256:8c56bb46b4fda34cbb92a9446a841da3982cdde6ea13de3fbd80db7eeeab8b49", size = 811277, upload-time = "2025-06-10T15:32:06.214Z" },
    { url = "https://files.pythonhosted.org/packages/f9/66/28d82dbff7f87b96f0eeac79b7d972a96b4980c1e445eb6a857ba91eda00/pyyaml_ft-8.0.0-cp313-cp313t-manylinux_2_17_s390x.manylinux2014_s390x.whl", hash = "sha256:dab0abb46eb1780da486f022dce034b952c8ae40753627b27a626d803926483b", size = 831650, upload-time = "2025-06-10T15:32:08.076Z" },
    { url = "https://files.pythonhosted.org/packages/e8/df/161c4566facac7d75a9e182295c223060373d4116dead9cc53a265de60b9/pyyaml_ft-8.0.0-cp313-cp313t-manylinux_2_17_x86_64.manylinux2014_x86_64.whl", hash = "sha256:bd48d639cab5ca50ad957b6dd632c7dd3ac02a1abe0e8196a3c24a52f5db3f7a", size = 815755, upload-time = "2025-06-10T15:32:09.435Z" },
    { url = "https://files.pythonhosted.org/packages/05/10/f42c48fa5153204f42eaa945e8d1fd7c10d6296841dcb2447bf7da1be5c4/pyyaml_ft-8.0.0-cp313-cp313t-musllinux_1_2_aarch64.whl", hash = "sha256:052561b89d5b2a8e1289f326d060e794c21fa068aa11255fe71d65baf18a632e", size = 810403, upload-time = "2025-06-10T15:32:11.051Z" },
    { url = "https://files.pythonhosted.org/packages/d5/d2/e369064aa51009eb9245399fd8ad2c562bd0bcd392a00be44b2a824ded7c/pyyaml_ft-8.0.0-cp313-cp313t-musllinux_1_2_x86_64.whl", hash = "sha256:3bb4b927929b0cb162fb1605392a321e3333e48ce616cdcfa04a839271373255", size = 835581, upload-time = "2025-06-10T15:32:12.897Z" },
    { url = "https://files.pythonhosted.org/packages/c0/28/26534bed77109632a956977f60d8519049f545abc39215d086e33a61f1f2/pyyaml_ft-8.0.0-cp313-cp313t-win_amd64.whl", hash = "sha256:de04cfe9439565e32f178106c51dd6ca61afaa2907d143835d501d84703d3793", size = 171579, upload-time = "2025-06-10T15:32:14.34Z" },
]

[[package]]
name = "ruff"
version = "0.12.9"
source = { registry = "https://pypi.org/simple" }
sdist = { url = "https://files.pythonhosted.org/packages/4a/45/2e403fa7007816b5fbb324cb4f8ed3c7402a927a0a0cb2b6279879a8bfdc/ruff-0.12.9.tar.gz", hash = "sha256:fbd94b2e3c623f659962934e52c2bea6fc6da11f667a427a368adaf3af2c866a", size = 5254702, upload-time = "2025-08-14T16:08:55.2Z" }
wheels = [
    { url = "https://files.pythonhosted.org/packages/ad/20/53bf098537adb7b6a97d98fcdebf6e916fcd11b2e21d15f8c171507909cc/ruff-0.12.9-py3-none-linux_armv6l.whl", hash = "sha256:fcebc6c79fcae3f220d05585229463621f5dbf24d79fdc4936d9302e177cfa3e", size = 11759705, upload-time = "2025-08-14T16:08:12.968Z" },
    { url = "https://files.pythonhosted.org/packages/20/4d/c764ee423002aac1ec66b9d541285dd29d2c0640a8086c87de59ebbe80d5/ruff-0.12.9-py3-none-macosx_10_12_x86_64.whl", hash = "sha256:aed9d15f8c5755c0e74467731a007fcad41f19bcce41cd75f768bbd687f8535f", size = 12527042, upload-time = "2025-08-14T16:08:16.54Z" },
    { url = "https://files.pythonhosted.org/packages/8b/45/cfcdf6d3eb5fc78a5b419e7e616d6ccba0013dc5b180522920af2897e1be/ruff-0.12.9-py3-none-macosx_11_0_arm64.whl", hash = "sha256:5b15ea354c6ff0d7423814ba6d44be2807644d0c05e9ed60caca87e963e93f70", size = 11724457, upload-time = "2025-08-14T16:08:18.686Z" },
    { url = "https://files.pythonhosted.org/packages/72/e6/44615c754b55662200c48bebb02196dbb14111b6e266ab071b7e7297b4ec/ruff-0.12.9-py3-none-manylinux_2_17_aarch64.manylinux2014_aarch64.whl", hash = "sha256:d596c2d0393c2502eaabfef723bd74ca35348a8dac4267d18a94910087807c53", size = 11949446, upload-time = "2025-08-14T16:08:21.059Z" },
    { url = "https://files.pythonhosted.org/packages/fd/d1/9b7d46625d617c7df520d40d5ac6cdcdf20cbccb88fad4b5ecd476a6bb8d/ruff-0.12.9-py3-none-manylinux_2_17_armv7l.manylinux2014_armv7l.whl", hash = "sha256:1b15599931a1a7a03c388b9c5df1bfa62be7ede6eb7ef753b272381f39c3d0ff", size = 11566350, upload-time = "2025-08-14T16:08:23.433Z" },
    { url = "https://files.pythonhosted.org/packages/59/20/b73132f66f2856bc29d2d263c6ca457f8476b0bbbe064dac3ac3337a270f/ruff-0.12.9-py3-none-manylinux_2_17_i686.manylinux2014_i686.whl", hash = "sha256:3d02faa2977fb6f3f32ddb7828e212b7dd499c59eb896ae6c03ea5c303575756", size = 13270430, upload-time = "2025-08-14T16:08:25.837Z" },
    { url = "https://files.pythonhosted.org/packages/a2/21/eaf3806f0a3d4c6be0a69d435646fba775b65f3f2097d54898b0fd4bb12e/ruff-0.12.9-py3-none-manylinux_2_17_ppc64.manylinux2014_ppc64.whl", hash = "sha256:17d5b6b0b3a25259b69ebcba87908496e6830e03acfb929ef9fd4c58675fa2ea", size = 14264717, upload-time = "2025-08-14T16:08:27.907Z" },
    { url = "https://files.pythonhosted.org/packages/d2/82/1d0c53bd37dcb582b2c521d352fbf4876b1e28bc0d8894344198f6c9950d/ruff-0.12.9-py3-none-manylinux_2_17_ppc64le.manylinux2014_ppc64le.whl", hash = "sha256:72db7521860e246adbb43f6ef464dd2a532ef2ef1f5dd0d470455b8d9f1773e0", size = 13684331, upload-time = "2025-08-14T16:08:30.352Z" },
    { url = "https://files.pythonhosted.org/packages/3b/2f/1c5cf6d8f656306d42a686f1e207f71d7cebdcbe7b2aa18e4e8a0cb74da3/ruff-0.12.9-py3-none-manylinux_2_17_s390x.manylinux2014_s390x.whl", hash = "sha256:a03242c1522b4e0885af63320ad754d53983c9599157ee33e77d748363c561ce", size = 12739151, upload-time = "2025-08-14T16:08:32.55Z" },
    { url = "https://files.pythonhosted.org/packages/47/09/25033198bff89b24d734e6479e39b1968e4c992e82262d61cdccaf11afb9/ruff-0.12.9-py3-none-manylinux_2_17_x86_64.manylinux2014_x86_64.whl", hash = "sha256:9fc83e4e9751e6c13b5046d7162f205d0a7bac5840183c5beebf824b08a27340", size = 12954992, upload-time = "2025-08-14T16:08:34.816Z" },
    { url = "https://files.pythonhosted.org/packages/52/8e/d0dbf2f9dca66c2d7131feefc386523404014968cd6d22f057763935ab32/ruff-0.12.9-py3-none-manylinux_2_31_riscv64.whl", hash = "sha256:881465ed56ba4dd26a691954650de6ad389a2d1fdb130fe51ff18a25639fe4bb", size = 12899569, upload-time = "2025-08-14T16:08:36.852Z" },
    { url = "https://files.pythonhosted.org/packages/a0/bd/b614d7c08515b1428ed4d3f1d4e3d687deffb2479703b90237682586fa66/ruff-0.12.9-py3-none-musllinux_1_2_aarch64.whl", hash = "sha256:43f07a3ccfc62cdb4d3a3348bf0588358a66da756aa113e071b8ca8c3b9826af", size = 11751983, upload-time = "2025-08-14T16:08:39.314Z" },
    { url = "https://files.pythonhosted.org/packages/58/d6/383e9f818a2441b1a0ed898d7875f11273f10882f997388b2b51cb2ae8b5/ruff-0.12.9-py3-none-musllinux_1_2_armv7l.whl", hash = "sha256:07adb221c54b6bba24387911e5734357f042e5669fa5718920ee728aba3cbadc", size = 11538635, upload-time = "2025-08-14T16:08:41.297Z" },
    { url = "https://files.pythonhosted.org/packages/20/9c/56f869d314edaa9fc1f491706d1d8a47747b9d714130368fbd69ce9024e9/ruff-0.12.9-py3-none-musllinux_1_2_i686.whl", hash = "sha256:f5cd34fabfdea3933ab85d72359f118035882a01bff15bd1d2b15261d85d5f66", size = 12534346, upload-time = "2025-08-14T16:08:43.39Z" },
    { url = "https://files.pythonhosted.org/packages/bd/4b/d8b95c6795a6c93b439bc913ee7a94fda42bb30a79285d47b80074003ee7/ruff-0.12.9-py3-none-musllinux_1_2_x86_64.whl", hash = "sha256:f6be1d2ca0686c54564da8e7ee9e25f93bdd6868263805f8c0b8fc6a449db6d7", size = 13017021, upload-time = "2025-08-14T16:08:45.889Z" },
    { url = "https://files.pythonhosted.org/packages/c7/c1/5f9a839a697ce1acd7af44836f7c2181cdae5accd17a5cb85fcbd694075e/ruff-0.12.9-py3-none-win32.whl", hash = "sha256:cc7a37bd2509974379d0115cc5608a1a4a6c4bff1b452ea69db83c8855d53f93", size = 11734785, upload-time = "2025-08-14T16:08:48.062Z" },
    { url = "https://files.pythonhosted.org/packages/fa/66/cdddc2d1d9a9f677520b7cfc490d234336f523d4b429c1298de359a3be08/ruff-0.12.9-py3-none-win_amd64.whl", hash = "sha256:6fb15b1977309741d7d098c8a3cb7a30bc112760a00fb6efb7abc85f00ba5908", size = 12840654, upload-time = "2025-08-14T16:08:50.158Z" },
    { url = "https://files.pythonhosted.org/packages/ac/fd/669816bc6b5b93b9586f3c1d87cd6bc05028470b3ecfebb5938252c47a35/ruff-0.12.9-py3-none-win_arm64.whl", hash = "sha256:63c8c819739d86b96d500cce885956a1a48ab056bbcbc61b747ad494b2485089", size = 11949623, upload-time = "2025-08-14T16:08:52.233Z" },
]

[[package]]
name = "typing-extensions"
version = "4.14.1"
source = { registry = "https://pypi.org/simple" }
sdist = { url = "https://files.pythonhosted.org/packages/98/5a/da40306b885cc8c09109dc2e1abd358d5684b1425678151cdaed4731c822/typing_extensions-4.14.1.tar.gz", hash = "sha256:38b39f4aeeab64884ce9f74c94263ef78f3c22467c8724005483154c26648d36", size = 107673, upload-time = "2025-07-04T13:28:34.16Z" }
wheels = [
    { url = "https://files.pythonhosted.org/packages/b5/00/d631e67a838026495268c2f6884f3711a15a9a2a96cd244fdaea53b823fb/typing_extensions-4.14.1-py3-none-any.whl", hash = "sha256:d1e1e3b58374dc93031d6eda2420a48ea44a36c2b4766a4fdeb3710755731d76", size = 43906, upload-time = "2025-07-04T13:28:32.743Z" },
]

[[package]]
name = "vscode-remote-try-libcst"
version = "0.1.0"
source = { virtual = "." }
dependencies = [
    { name = "libcst" },
]

[package.dev-dependencies]
dev = [
    { name = "mypy" },
    { name = "ruff" },
]

[package.metadata]
requires-dist = [{ name = "libcst", specifier = ">=1.8.2" }]

[package.metadata.requires-dev]
dev = [
    { name = "mypy", specifier = ">=1.17.1" },
    { name = "ruff", specifier = ">=0.12.9" },
]
